
Microsoft Visual Studio Solution File, Format Version 12.00
# Visual Studio Version 17
MinimumVisualStudioVersion = 10.0.40219.1
Project("{FAE04EC0-301F-11D3-BF4B-00C04F79EFBC}") = "GiftOfTheGivers.Web", "GiftOfTheGivers.Web\GiftOfTheGivers.Web.csproj", "{573A6C47-DCB4-465A-BC86-D0268020E64C}"
EndProject
Project("{FAE04EC0-301F-11D3-BF4B-00C04F79EFBC}") = "GiftOfTheGivers.Tests", "GiftOfTheGivers.Tests\GiftOfTheGivers.Tests.csproj", "{4CEFC9D9-E17F-4553-ADC7-109B8355787A}"
EndProject
Global
	GlobalSection(SolutionConfigurationPlatforms) = preSolution
		Debug|Any CPU = Debug|Any CPU
		Debug|x64 = Debug|x64
		Debug|x86 = Debug|x86
		Release|Any CPU = Release|Any CPU
		Release|x64 = Release|x64
		Release|x86 = Release|x86
	EndGlobalSection
	GlobalSection(ProjectConfigurationPlatforms) = postSolution
		{573A6C47-DCB4-465A-BC86-D0268020E64C}.Debug|Any CPU.ActiveCfg = Debug|Any CPU
		{573A6C47-DCB4-465A-BC86-D0268020E64C}.Debug|Any CPU.Build.0 = Debug|Any CPU
		{573A6C47-DCB4-465A-BC86-D0268020E64C}.Debug|x64.ActiveCfg = Debug|Any CPU
		{573A6C47-DCB4-465A-BC86-D0268020E64C}.Debug|x64.Build.0 = Debug|Any CPU
		{573A6C47-DCB4-465A-BC86-D0268020E64C}.Debug|x86.ActiveCfg = Debug|Any CPU
		{573A6C47-DCB4-465A-BC86-D0268020E64C}.Debug|x86.Build.0 = Debug|Any CPU
		{573A6C47-DCB4-465A-BC86-D0268020E64C}.Release|Any CPU.ActiveCfg = Release|Any CPU
		{573A6C47-DCB4-465A-BC86-D0268020E64C}.Release|Any CPU.Build.0 = Release|Any CPU
		{573A6C47-DCB4-465A-BC86-D0268020E64C}.Release|x64.ActiveCfg = Release|Any CPU
		{573A6C47-DCB4-465A-BC86-D0268020E64C}.Release|x64.Build.0 = Release|Any CPU
		{573A6C47-DCB4-465A-BC86-D0268020E64C}.Release|x86.ActiveCfg = Release|Any CPU
		{573A6C47-DCB4-465A-BC86-D0268020E64C}.Release|x86.Build.0 = Release|Any CPU
		{4CEFC9D9-E17F-4553-ADC7-109B8355787A}.Debug|Any CPU.ActiveCfg = Debug|Any CPU
		{4CEFC9D9-E17F-4553-ADC7-109B8355787A}.Debug|Any CPU.Build.0 = Debug|Any CPU
		{4CEFC9D9-E17F-4553-ADC7-109B8355787A}.Debug|x64.ActiveCfg = Debug|Any CPU
		{4CEFC9D9-E17F-4553-ADC7-109B8355787A}.Debug|x64.Build.0 = Debug|Any CPU
		{4CEFC9D9-E17F-4553-ADC7-109B8355787A}.Debug|x86.ActiveCfg = Debug|Any CPU
		{4CEFC9D9-E17F-4553-ADC7-109B8355787A}.Debug|x86.Build.0 = Debug|Any CPU
		{4CEFC9D9-E17F-4553-ADC7-109B8355787A}.Release|Any CPU.ActiveCfg = Release|Any CPU
		{4CEFC9D9-E17F-4553-ADC7-109B8355787A}.Release|Any CPU.Build.0 = Release|Any CPU
		{4CEFC9D9-E17F-4553-ADC7-109B8355787A}.Release|x64.ActiveCfg = Release|Any CPU
		{4CEFC9D9-E17F-4553-ADC7-109B8355787A}.Release|x64.Build.0 = Release|Any CPU
		{4CEFC9D9-E17F-4553-ADC7-109B8355787A}.Release|x86.ActiveCfg = Release|Any CPU
		{4CEFC9D9-E17F-4553-ADC7-109B8355787A}.Release|x86.Build.0 = Release|Any CPU
	EndGlobalSection
	GlobalSection(SolutionProperties) = preSolution
		HideSolutionNode = FALSE
	EndGlobalSection
	GlobalSection(ExtensibilityGlobals) = postSolution
		SolutionGuid = {66B8CDE2-7EEB-444E-A05F-6B4DC9305EF5}
	EndGlobalSection
EndGlobal